
Microsoft Visual Studio Solution File, Format Version 12.00
# Visual Studio Version 17
VisualStudioVersion = 17.3.32811.315
MinimumVisualStudioVersion = 10.0.40219.1
Project("{FAE04EC0-301F-11D3-BF4B-00C04F79EFBC}") = "ListViewAlex.Android", "ListViewAlex\ListViewAlex.Android\ListViewAlex.Android.csproj", "{5A7E08C0-50A9-4B37-A956-4A27F4A8A0F6}"
EndProject
Project("{FAE04EC0-301F-11D3-BF4B-00C04F79EFBC}") = "ListViewAlex.iOS", "ListViewAlex\ListViewAlex.iOS\ListViewAlex.iOS.csproj", "{4D04D7FE-7100-4CCF-BC3A-00907389B55D}"
EndProject
Project("{FAE04EC0-301F-11D3-BF4B-00C04F79EFBC}") = "ListViewAlex", "ListViewAlex\ListViewAlex\ListViewAlex.csproj", "{304A2814-50C9-4406-8D14-9940B91BB646}"
EndProject
Global
	GlobalSection(SolutionConfigurationPlatforms) = preSolution
		Debug|Any CPU = Debug|Any CPU
		Debug|iPhone = Debug|iPhone
		Debug|iPhoneSimulator = Debug|iPhoneSimulator
		Release|Any CPU = Release|Any CPU
		Release|iPhone = Release|iPhone
		Release|iPhoneSimulator = Release|iPhoneSimulator
	EndGlobalSection
	GlobalSection(ProjectConfigurationPlatforms) = postSolution
		{5A7E08C0-50A9-4B37-A956-4A27F4A8A0F6}.Debug|Any CPU.ActiveCfg = Debug|Any CPU
		{5A7E08C0-50A9-4B37-A956-4A27F4A8A0F6}.Debug|Any CPU.Build.0 = Debug|Any CPU
		{5A7E08C0-50A9-4B37-A956-4A27F4A8A0F6}.Debug|Any CPU.Deploy.0 = Debug|Any CPU
		{5A7E08C0-50A9-4B37-A956-4A27F4A8A0F6}.Debug|iPhone.ActiveCfg = Debug|Any CPU
		{5A7E08C0-50A9-4B37-A956-4A27F4A8A0F6}.Debug|iPhone.Build.0 = Debug|Any CPU
		{5A7E08C0-50A9-4B37-A956-4A27F4A8A0F6}.Debug|iPhone.Deploy.0 = Debug|Any CPU
		{5A7E08C0-50A9-4B37-A956-4A27F4A8A0F6}.Debug|iPhoneSimulator.ActiveCfg = Debug|Any CPU
		{5A7E08C0-50A9-4B37-A956-4A27F4A8A0F6}.Debug|iPhoneSimulator.Build.0 = Debug|Any CPU
		{5A7E08C0-50A9-4B37-A956-4A27F4A8A0F6}.Debug|iPhoneSimulator.Deploy.0 = Debug|Any CPU
		{5A7E08C0-50A9-4B37-A956-4A27F4A8A0F6}.Release|Any CPU.ActiveCfg = Release|Any CPU
		{5A7E08C0-50A9-4B37-A956-4A27F4A8A0F6}.Release|Any CPU.Build.0 = Release|Any CPU
		{5A7E08C0-50A9-4B37-A956-4A27F4A8A0F6}.Release|Any CPU.Deploy.0 = Release|Any CPU
		{5A7E08C0-50A9-4B37-A956-4A27F4A8A0F6}.Release|iPhone.ActiveCfg = Release|Any CPU
		{5A7E08C0-50A9-4B37-A956-4A27F4A8A0F6}.Release|iPhone.Build.0 = Release|Any CPU
		{5A7E08C0-50A9-4B37-A956-4A27F4A8A0F6}.Release|iPhone.Deploy.0 = Release|Any CPU
		{5A7E08C0-50A9-4B37-A956-4A27F4A8A0F6}.Release|iPhoneSimulator.ActiveCfg = Release|Any CPU
		{5A7E08C0-50A9-4B37-A956-4A27F4A8A0F6}.Release|iPhoneSimulator.Build.0 = Release|Any CPU
		{5A7E08C0-50A9-4B37-A956-4A27F4A8A0F6}.Release|iPhoneSimulator.Deploy.0 = Release|Any CPU
		{4D04D7FE-7100-4CCF-BC3A-00907389B55D}.Debug|Any CPU.ActiveCfg = Debug|iPhone
		{4D04D7FE-7100-4CCF-BC3A-00907389B55D}.Debug|Any CPU.Build.0 = Debug|iPhone
		{4D04D7FE-7100-4CCF-BC3A-00907389B55D}.Debug|Any CPU.Deploy.0 = Debug|iPhone
		{4D04D7FE-7100-4CCF-BC3A-00907389B55D}.Debug|iPhone.ActiveCfg = Debug|iPhone
		{4D04D7FE-7100-4CCF-BC3A-00907389B55D}.Debug|iPhone.Build.0 = Debug|iPhone
		{4D04D7FE-7100-4CCF-BC3A-00907389B55D}.Debug|iPhone.Deploy.0 = Debug|iPhone
		{4D04D7FE-7100-4CCF-BC3A-00907389B55D}.Debug|iPhoneSimulator.ActiveCfg = Debug|iPhoneSimulator
		{4D04D7FE-7100-4CCF-BC3A-00907389B55D}.Debug|iPhoneSimulator.Build.0 = Debug|iPhoneSimulator
		{4D04D7FE-7100-4CCF-BC3A-00907389B55D}.Debug|iPhoneSimulator.Deploy.0 = Debug|iPhoneSimulator
		{4D04D7FE-7100-4CCF-BC3A-00907389B55D}.Release|Any CPU.ActiveCfg = Release|iPhoneSimulator
		{4D04D7FE-7100-4CCF-BC3A-00907389B55D}.Release|Any CPU.Build.0 = Release|iPhoneSimulator
		{4D04D7FE-7100-4CCF-BC3A-00907389B55D}.Release|Any CPU.Deploy.0 = Release|iPhoneSimulator
		{4D04D7FE-7100-4CCF-BC3A-00907389B55D}.Release|iPhone.ActiveCfg = Release|iPhone
		{4D04D7FE-7100-4CCF-BC3A-00907389B55D}.Release|iPhone.Build.0 = Release|iPhone
		{4D04D7FE-7100-4CCF-BC3A-00907389B55D}.Release|iPhone.Deploy.0 = Release|iPhone
		{4D04D7FE-7100-4CCF-BC3A-00907389B55D}.Release|iPhoneSimulator.ActiveCfg = Release|iPhoneSimulator
		{4D04D7FE-7100-4CCF-BC3A-00907389B55D}.Release|iPhoneSimulator.Build.0 = Release|iPhoneSimulator
		{4D04D7FE-7100-4CCF-BC3A-00907389B55D}.Release|iPhoneSimulator.Deploy.0 = Release|iPhoneSimulator
		{304A2814-50C9-4406-8D14-9940B91BB646}.Debug|Any CPU.ActiveCfg = Debug|Any CPU
		{304A2814-50C9-4406-8D14-9940B91BB646}.Debug|Any CPU.Build.0 = Debug|Any CPU
		{304A2814-50C9-4406-8D14-9940B91BB646}.Debug|Any CPU.Deploy.0 = Debug|Any CPU
		{304A2814-50C9-4406-8D14-9940B91BB646}.Debug|iPhone.ActiveCfg = Debug|Any CPU
		{304A2814-50C9-4406-8D14-9940B91BB646}.Debug|iPhone.Build.0 = Debug|Any CPU
		{304A2814-50C9-4406-8D14-9940B91BB646}.Debug|iPhone.Deploy.0 = Debug|Any CPU
		{304A2814-50C9-4406-8D14-9940B91BB646}.Debug|iPhoneSimulator.ActiveCfg = Debug|Any CPU
		{304A2814-50C9-4406-8D14-9940B91BB646}.Debug|iPhoneSimulator.Build.0 = Debug|Any CPU
		{304A2814-50C9-4406-8D14-9940B91BB646}.Debug|iPhoneSimulator.Deploy.0 = Debug|Any CPU
		{304A2814-50C9-4406-8D14-9940B91BB646}.Release|Any CPU.ActiveCfg = Release|Any CPU
		{304A2814-50C9-4406-8D14-9940B91BB646}.Release|Any CPU.Build.0 = Release|Any CPU
		{304A2814-50C9-4406-8D14-9940B91BB646}.Release|Any CPU.Deploy.0 = Release|Any CPU
		{304A2814-50C9-4406-8D14-9940B91BB646}.Release|iPhone.ActiveCfg = Release|Any CPU
		{304A2814-50C9-4406-8D14-9940B91BB646}.Release|iPhone.Build.0 = Release|Any CPU
		{304A2814-50C9-4406-8D14-9940B91BB646}.Release|iPhone.Deploy.0 = Release|Any CPU
		{304A2814-50C9-4406-8D14-9940B91BB646}.Release|iPhoneSimulator.ActiveCfg = Release|Any CPU
		{304A2814-50C9-4406-8D14-9940B91BB646}.Release|iPhoneSimulator.Build.0 = Release|Any CPU
		{304A2814-50C9-4406-8D14-9940B91BB646}.Release|iPhoneSimulator.Deploy.0 = Release|Any CPU
	EndGlobalSection
	GlobalSection(SolutionProperties) = preSolution
		HideSolutionNode = FALSE
	EndGlobalSection
	GlobalSection(ExtensibilityGlobals) = postSolution
		SolutionGuid = {E7B9DB27-3F04-4F85-A6C7-B73A74E62033}
	EndGlobalSection
EndGlobal
